
Microsoft Visual Studio Solution File, Format Version 12.00
# Visual Studio Version 17
VisualStudioVersion = 17.9.34622.214
MinimumVisualStudioVersion = 10.0.40219.1
Project("{FAE04EC0-301F-11D3-BF4B-00C04F79EFBC}") = "TomoGame.Core", "src\Core\TomoGame.Core.csproj", "{C92C2B98-6EA7-4AD3-A0AE-04196E25C031}"
EndProject
Global
	GlobalSection(SolutionConfigurationPlatforms) = preSolution
		Debug|Any CPU = Debug|Any CPU
		Release|Any CPU = Release|Any CPU
	EndGlobalSection
	GlobalSection(ProjectConfigurationPlatforms) = postSolution
		{C92C2B98-6EA7-4AD3-A0AE-04196E25C031}.Debug|Any CPU.ActiveCfg = Debug|Any CPU
		{C92C2B98-6EA7-4AD3-A0AE-04196E25C031}.Debug|Any CPU.Build.0 = Debug|Any CPU
		{C92C2B98-6EA7-4AD3-A0AE-04196E25C031}.Release|Any CPU.ActiveCfg = Release|Any CPU
		{C92C2B98-6EA7-4AD3-A0AE-04196E25C031}.Release|Any CPU.Build.0 = Release|Any CPU
	EndGlobalSection
	GlobalSection(SolutionProperties) = preSolution
		HideSolutionNode = FALSE
	EndGlobalSection
	GlobalSection(ExtensibilityGlobals) = postSolution
		SolutionGuid = {6818838D-A417-49C3-863D-6FDF65CEFD32}
	EndGlobalSection
EndGlobal
